
Microsoft Visual Studio Solution File, Format Version 12.00
# Visual Studio 2012
# SharpDevelop 5.1
VisualStudioVersion = 12.0.20827.3
MinimumVisualStudioVersion = 10.0.40219.1
Project("{FAE04EC0-301F-11D3-BF4B-00C04F79EFBC}") = "HelloWorldGithub", "HelloWorldGithub.csproj", "{CE4B92BC-C589-42EE-9BC5-884213B3434F}"
EndProject
Global
	GlobalSection(SolutionConfigurationPlatforms) = preSolution
		Debug|Any CPU = Debug|Any CPU
		Release|Any CPU = Release|Any CPU
	EndGlobalSection
	GlobalSection(ProjectConfigurationPlatforms) = postSolution
		{CE4B92BC-C589-42EE-9BC5-884213B3434F}.Debug|Any CPU.ActiveCfg = Debug|Any CPU
		{CE4B92BC-C589-42EE-9BC5-884213B3434F}.Debug|Any CPU.Build.0 = Debug|Any CPU
		{CE4B92BC-C589-42EE-9BC5-884213B3434F}.Release|Any CPU.ActiveCfg = Release|Any CPU
		{CE4B92BC-C589-42EE-9BC5-884213B3434F}.Release|Any CPU.Build.0 = Release|Any CPU
	EndGlobalSection
EndGlobal
